
Microsoft Visual Studio Solution File, Format Version 12.00
# Visual Studio Version 16
VisualStudioVersion = 16.0.30114.105
MinimumVisualStudioVersion = 10.0.40219.1
Project("{FAE04EC0-301F-11D3-BF4B-00C04F79EFBC}") = "TicTacToe", "TicTacToe\TicTacToe.csproj", "{6F0C36B7-9DB5-4D79-9352-868D4E08519C}"
EndProject
Project("{FAE04EC0-301F-11D3-BF4B-00C04F79EFBC}") = "TicTacToe.Tests", "TicTacToe.Tests\TicTacToe.Tests.csproj", "{518F87E6-980C-43A0-BD68-B56640F165EB}"
EndProject
Global
	GlobalSection(SolutionConfigurationPlatforms) = preSolution
		Debug|Any CPU = Debug|Any CPU
		Release|Any CPU = Release|Any CPU
	EndGlobalSection
	GlobalSection(ProjectConfigurationPlatforms) = postSolution
		{6F0C36B7-9DB5-4D79-9352-868D4E08519C}.Debug|Any CPU.ActiveCfg = Debug|Any CPU
		{6F0C36B7-9DB5-4D79-9352-868D4E08519C}.Debug|Any CPU.Build.0 = Debug|Any CPU
		{6F0C36B7-9DB5-4D79-9352-868D4E08519C}.Release|Any CPU.ActiveCfg = Release|Any CPU
		{6F0C36B7-9DB5-4D79-9352-868D4E08519C}.Release|Any CPU.Build.0 = Release|Any CPU
		{518F87E6-980C-43A0-BD68-B56640F165EB}.Debug|Any CPU.ActiveCfg = Debug|Any CPU
		{518F87E6-980C-43A0-BD68-B56640F165EB}.Debug|Any CPU.Build.0 = Debug|Any CPU
		{518F87E6-980C-43A0-BD68-B56640F165EB}.Release|Any CPU.ActiveCfg = Release|Any CPU
		{518F87E6-980C-43A0-BD68-B56640F165EB}.Release|Any CPU.Build.0 = Release|Any CPU
	EndGlobalSection
	GlobalSection(SolutionProperties) = preSolution
		HideSolutionNode = FALSE
	EndGlobalSection
	GlobalSection(ExtensibilityGlobals) = postSolution
		SolutionGuid = {BC7F1ABC-FBDE-495F-96C1-FF71815A20BA}
	EndGlobalSection
EndGlobal
